{
  "name": "mermail-inbox-brief",
  "version": "0.1.0",
  "lockfileVersion": 3,
  "requires": true,
  "packages": {
    "": {
      "name": "mermail-inbox-brief",
      "version": "0.1.0",
      "license": "MIT",
      "bin": {
        "mermail-brief": "src/cli.mjs"
      },
      "engines": {
        "node": ">=22"
      }
    }
  }
}
